// !$*UTF8*$!
{
	archiveVersion = 1;
	classes = {
	};
	objectVersion = 46;
	objects = {

/* Begin PBXBuildFile section */
		9706F7A41DD2A83F00714337 /* CeldaNoticiasLectorTableViewCell.swift in Sources */ = {isa = PBXBuildFile; fileRef = 9706F7A31DD2A83F00714337 /* CeldaNoticiasLectorTableViewCell.swift */; };
		9706F7A71DD2AB6F00714337 /* Windows-Azure-logo.jpg in Resources */ = {isa = PBXBuildFile; fileRef = 9706F7A61DD2AB6F00714337 /* Windows-Azure-logo.jpg */; };
		97077D921DC963C700F7E677 /* detalleNoticiaViewController.swift in Sources */ = {isa = PBXBuildFile; fileRef = 97077D911DC963C700F7E677 /* detalleNoticiaViewController.swift */; };
		9753D75E1DCC0AE600F2689D /* AZSClient.framework in Frameworks */ = {isa = PBXBuildFile; fileRef = 9753D75D1DCC0AE600F2689D /* AZSClient.framework */; };
		9770E5CD1DCD6E2B00F6E34D /* CeldaNoticiasTableViewCell.swift in Sources */ = {isa = PBXBuildFile; fileRef = 9770E5CC1DCD6E2A00F6E34D /* CeldaNoticiasTableViewCell.swift */; };
		97763C261DC3E69100AF3EAE /* AppDelegate.swift in Sources */ = {isa = PBXBuildFile; fileRef = 97763C251DC3E69100AF3EAE /* AppDelegate.swift */; };
		97763C2B1DC3E69200AF3EAE /* Main.storyboard in Resources */ = {isa = PBXBuildFile; fileRef = 97763C291DC3E69200AF3EAE /* Main.storyboard */; };
		97763C2E1DC3E69300AF3EAE /* scoopfus2.xcdatamodeld in Sources */ = {isa = PBXBuildFile; fileRef = 97763C2C1DC3E69300AF3EAE /* scoopfus2.xcdatamodeld */; };
		97763C301DC3E69300AF3EAE /* Assets.xcassets in Resources */ = {isa = PBXBuildFile; fileRef = 97763C2F1DC3E69300AF3EAE /* Assets.xcassets */; };
		97763C331DC3E69400AF3EAE /* LaunchScreen.storyboard in Resources */ = {isa = PBXBuildFile; fileRef = 97763C311DC3E69400AF3EAE /* LaunchScreen.storyboard */; };
		97763C3B1DC3E83F00AF3EAE /* MicrosoftAzureMobile.framework in Frameworks */ = {isa = PBXBuildFile; fileRef = 97763C3A1DC3E83F00AF3EAE /* MicrosoftAzureMobile.framework */; };
		97763C3F1DC3E93600AF3EAE /* WebKit.framework in Frameworks */ = {isa = PBXBuildFile; fileRef = 97763C3E1DC3E93600AF3EAE /* WebKit.framework */; };
		97763C421DC3EBFF00AF3EAE /* AutorTableViewController.swift in Sources */ = {isa = PBXBuildFile; fileRef = 97763C411DC3EBFF00AF3EAE /* AutorTableViewController.swift */; };
		97763C441DC5833100AF3EAE /* AutorDetailViewController.swift in Sources */ = {isa = PBXBuildFile; fileRef = 97763C431DC5833100AF3EAE /* AutorDetailViewController.swift */; };
		97763C461DC7BFB900AF3EAE /* PrincipalViewController.swift in Sources */ = {isa = PBXBuildFile; fileRef = 97763C451DC7BFB900AF3EAE /* PrincipalViewController.swift */; };
		97763C491DC7C52F00AF3EAE /* AnonymousTableViewController.swift in Sources */ = {isa = PBXBuildFile; fileRef = 97763C481DC7C52F00AF3EAE /* AnonymousTableViewController.swift */; };
		9786FA891DCC075F00BD5E02 /* libxml2.2.tbd in Frameworks */ = {isa = PBXBuildFile; fileRef = 9786FA881DCC075F00BD5E02 /* libxml2.2.tbd */; };
/* End PBXBuildFile section */

/* Begin PBXFileReference section */
		9706F7A31DD2A83F00714337 /* CeldaNoticiasLectorTableViewCell.swift */ = {isa = PBXFileReference; fileEncoding = 4; lastKnownFileType = sourcecode.swift; name = CeldaNoticiasLectorTableViewCell.swift; path = ../CeldaNoticiasLectorTableViewCell.swift; sourceTree = "<group>"; };
		9706F7A61DD2AB6F00714337 /* Windows-Azure-logo.jpg */ = {isa = PBXFileReference; lastKnownFileType = image.jpeg; path = "Windows-Azure-logo.jpg"; sourceTree = "<group>"; };
		97077D911DC963C700F7E677 /* detalleNoticiaViewController.swift */ = {isa = PBXFileReference; fileEncoding = 4; lastKnownFileType = sourcecode.swift; path = detalleNoticiaViewController.swift; sourceTree = "<group>"; };
		971564501DD1F55100EF5514 /* scoopfus2.entitlements */ = {isa = PBXFileReference; lastKnownFileType = text.plist.entitlements; path = scoopfus2.entitlements; sourceTree = "<group>"; };
		9753D75D1DCC0AE600F2689D /* AZSClient.framework */ = {isa = PBXFileReference; lastKnownFileType = wrapper.framework; path = AZSClient.framework; sourceTree = "<group>"; };
		9770E5CC1DCD6E2A00F6E34D /* CeldaNoticiasTableViewCell.swift */ = {isa = PBXFileReference; fileEncoding = 4; lastKnownFileType = sourcecode.swift; path = CeldaNoticiasTableViewCell.swift; sourceTree = "<group>"; };
		97763C221DC3E68F00AF3EAE /* scoopfus2.app */ = {isa = PBXFileReference; explicitFileType = wrapper.application; includeInIndex = 0; path = scoopfus2.app; sourceTree = BUILT_PRODUCTS_DIR; };
		97763C251DC3E69100AF3EAE /* AppDelegate.swift */ = {isa = PBXFileReference; lastKnownFileType = sourcecode.swift; path = AppDelegate.swift; sourceTree = "<group>"; };
		97763C2A1DC3E69200AF3EAE /* Base */ = {isa = PBXFileReference; lastKnownFileType = file.storyboard; name = Base; path = Base.lproj/Main.storyboard; sourceTree = "<group>"; };
		97763C2D1DC3E69300AF3EAE /* scoopfus2.xcdatamodel */ = {isa = PBXFileReference; lastKnownFileType = wrapper.xcdatamodel; path = scoopfus2.xcdatamodel; sourceTree = "<group>"; };
		97763C2F1DC3E69300AF3EAE /* Assets.xcassets */ = {isa = PBXFileReference; lastKnownFileType = folder.assetcatalog; path = Assets.xcassets; sourceTree = "<group>"; };
		97763C321DC3E69400AF3EAE /* Base */ = {isa = PBXFileReference; lastKnownFileType = file.storyboard; name = Base; path = Base.lproj/LaunchScreen.storyboard; sourceTree = "<group>"; };
		97763C341DC3E69400AF3EAE /* Info.plist */ = {isa = PBXFileReference; lastKnownFileType = text.plist.xml; path = Info.plist; sourceTree = "<group>"; };
		97763C3A1DC3E83F00AF3EAE /* MicrosoftAzureMobile.framework */ = {isa = PBXFileReference; lastKnownFileType = wrapper.framework; name = MicrosoftAzureMobile.framework; path = scoopfus2/MicrosoftAzureMobile.framework; sourceTree = "<group>"; };
		97763C3C1DC3E88D00AF3EAE /* Scoopfus2-Bridging-Header.h */ = {isa = PBXFileReference; lastKnownFileType = sourcecode.c.h; name = "Scoopfus2-Bridging-Header.h"; path = "../Scoopfus2-Bridging-Header.h"; sourceTree = "<group>"; };
		97763C3E1DC3E93600AF3EAE /* WebKit.framework */ = {isa = PBXFileReference; lastKnownFileType = wrapper.framework; name = WebKit.framework; path = System/Library/Frameworks/WebKit.framework; sourceTree = SDKROOT; };
		97763C411DC3EBFF00AF3EAE /* AutorTableViewController.swift */ = {isa = PBXFileReference; fileEncoding = 4; lastKnownFileType = sourcecode.swift; path = AutorTableViewController.swift; sourceTree = "<group>"; };
		97763C431DC5833100AF3EAE /* AutorDetailViewController.swift */ = {isa = PBXFileReference; fileEncoding = 4; lastKnownFileType = sourcecode.swift; path = AutorDetailViewController.swift; sourceTree = "<group>"; };
		97763C451DC7BFB900AF3EAE /* PrincipalViewController.swift */ = {isa = PBXFileReference; fileEncoding = 4; lastKnownFileType = sourcecode.swift; name = PrincipalViewController.swift; path = ../PrincipalViewController.swift; sourceTree = "<group>"; };
		97763C481DC7C52F00AF3EAE /* AnonymousTableViewController.swift */ = {isa = PBXFileReference; fileEncoding = 4; lastKnownFileType = sourcecode.swift; path = AnonymousTableViewController.swift; sourceTree = "<group>"; };
		9786FA881DCC075F00BD5E02 /* libxml2.2.tbd */ = {isa = PBXFileReference; lastKnownFileType = "sourcecode.text-based-dylib-definition"; name = libxml2.2.tbd; path = usr/lib/libxml2.2.tbd; sourceTree = SDKROOT; };
/* End PBXFileReference section */

/* Begin PBXFrameworksBuildPhase section */
		97763C1F1DC3E68F00AF3EAE /* Frameworks */ = {
			isa = PBXFrameworksBuildPhase;
			buildActionMask = 2147483647;
			files = (
				9753D75E1DCC0AE600F2689D /* AZSClient.framework in Frameworks */,
				9786FA891DCC075F00BD5E02 /* libxml2.2.tbd in Frameworks */,
				97763C3F1DC3E93600AF3EAE /* WebKit.framework in Frameworks */,
				97763C3B1DC3E83F00AF3EAE /* MicrosoftAzureMobile.framework in Frameworks */,
			);
			runOnlyForDeploymentPostprocessing = 0;
		};
/* End PBXFrameworksBuildPhase section */

/* Begin PBXGroup section */
		9706F7A51DD2AB6300714337 /* Resources */ = {
			isa = PBXGroup;
			children = (
				9706F7A61DD2AB6F00714337 /* Windows-Azure-logo.jpg */,
			);
			name = Resources;
			sourceTree = "<group>";
		};
		97763C191DC3E68E00AF3EAE = {
			isa = PBXGroup;
			children = (
				97763C3D1DC3E93600AF3EAE /* Frameworks */,
				97763C241DC3E69000AF3EAE /* scoopfus2 */,
				97763C231DC3E69000AF3EAE /* Products */,
			);
			sourceTree = "<group>";
		};
		97763C231DC3E69000AF3EAE /* Products */ = {
			isa = PBXGroup;
			children = (
				97763C221DC3E68F00AF3EAE /* scoopfus2.app */,
			);
			name = Products;
			sourceTree = "<group>";
		};
		97763C241DC3E69000AF3EAE /* scoopfus2 */ = {
			isa = PBXGroup;
			children = (
				9706F7A51DD2AB6300714337 /* Resources */,
				971564501DD1F55100EF5514 /* scoopfus2.entitlements */,
				97763C3C1DC3E88D00AF3EAE /* Scoopfus2-Bridging-Header.h */,
				97763C401DC3EBCF00AF3EAE /* Vcs */,
				97763C251DC3E69100AF3EAE /* AppDelegate.swift */,
				97763C471DC7BFC200AF3EAE /* Principal */,
				97763C2F1DC3E69300AF3EAE /* Assets.xcassets */,
				97763C311DC3E69400AF3EAE /* LaunchScreen.storyboard */,
				97763C341DC3E69400AF3EAE /* Info.plist */,
				97763C2C1DC3E69300AF3EAE /* scoopfus2.xcdatamodeld */,
				9770E5CC1DCD6E2A00F6E34D /* CeldaNoticiasTableViewCell.swift */,
				9706F7A31DD2A83F00714337 /* CeldaNoticiasLectorTableViewCell.swift */,
			);
			path = scoopfus2;
			sourceTree = "<group>";
		};
		97763C3D1DC3E93600AF3EAE /* Frameworks */ = {
			isa = PBXGroup;
			children = (
				9753D75D1DCC0AE600F2689D /* AZSClient.framework */,
				9786FA881DCC075F00BD5E02 /* libxml2.2.tbd */,
				97763C3A1DC3E83F00AF3EAE /* MicrosoftAzureMobile.framework */,
				97763C3E1DC3E93600AF3EAE /* WebKit.framework */,
			);
			name = Frameworks;
			sourceTree = "<group>";
		};
		97763C401DC3EBCF00AF3EAE /* Vcs */ = {
			isa = PBXGroup;
			children = (
				97763C411DC3EBFF00AF3EAE /* AutorTableViewController.swift */,
				97763C431DC5833100AF3EAE /* AutorDetailViewController.swift */,
				97763C481DC7C52F00AF3EAE /* AnonymousTableViewController.swift */,
				97077D911DC963C700F7E677 /* detalleNoticiaViewController.swift */,
			);
			name = Vcs;
			sourceTree = "<group>";
		};
		97763C471DC7BFC200AF3EAE /* Principal */ = {
			isa = PBXGroup;
			children = (
				97763C451DC7BFB900AF3EAE /* PrincipalViewController.swift */,
				97763C291DC3E69200AF3EAE /* Main.storyboard */,
			);
			name = Principal;
			sourceTree = "<group>";
		};
/* End PBXGroup section */

/* Begin PBXNativeTarget section */
		97763C211DC3E68F00AF3EAE /* scoopfus2 */ = {
			isa = PBXNativeTarget;
			buildConfigurationList = 97763C371DC3E69400AF3EAE /* Build configuration list for PBXNativeTarget "scoopfus2" */;
			buildPhases = (
				97763C1E1DC3E68F00AF3EAE /* Sources */,
				97763C1F1DC3E68F00AF3EAE /* Frameworks */,
				97763C201DC3E68F00AF3EAE /* Resources */,
			);
			buildRules = (
			);
			dependencies = (
			);
			name = scoopfus2;
			productName = scoopfus2;
			productReference = 97763C221DC3E68F00AF3EAE /* scoopfus2.app */;
			productType = "com.apple.product-type.application";
		};
/* End PBXNativeTarget section */

/* Begin PBXProject section */
		97763C1A1DC3E68E00AF3EAE /* Project object */ = {
			isa = PBXProject;
			attributes = {
				LastSwiftUpdateCheck = 0800;
				LastUpgradeCheck = 0800;
				ORGANIZATIONNAME = JoseFusFus;
				TargetAttributes = {
					97763C211DC3E68F00AF3EAE = {
						CreatedOnToolsVersion = 8.0;
						DevelopmentTeam = 4M4S8ZQMAC;
						ProvisioningStyle = Automatic;
						SystemCapabilities = {
							com.apple.BackgroundModes = {
								enabled = 1;
							};
							com.apple.DataProtection = {
								enabled = 0;
							};
						};
					};
				};
			};
			buildConfigurationList = 97763C1D1DC3E68F00AF3EAE /* Build configuration list for PBXProject "scoopfus2" */;
			compatibilityVersion = "Xcode 3.2";
			developmentRegion = English;
			hasScannedForEncodings = 0;
			knownRegions = (
				en,
				Base,
			);
			mainGroup = 97763C191DC3E68E00AF3EAE;
			productRefGroup = 97763C231DC3E69000AF3EAE /* Products */;
			projectDirPath = "";
			projectRoot = "";
			targets = (
				97763C211DC3E68F00AF3EAE /* scoopfus2 */,
			);
		};
/* End PBXProject section */

/* Begin PBXResourcesBuildPhase section */
		97763C201DC3E68F00AF3EAE /* Resources */ = {
			isa = PBXResourcesBuildPhase;
			buildActionMask = 2147483647;
			files = (
				97763C331DC3E69400AF3EAE /* LaunchScreen.storyboard in Resources */,
				97763C301DC3E69300AF3EAE /* Assets.xcassets in Resources */,
				9706F7A71DD2AB6F00714337 /* Windows-Azure-logo.jpg in Resources */,
				97763C2B1DC3E69200AF3EAE /* Main.storyboard in Resources */,
			);
			runOnlyForDeploymentPostprocessing = 0;
		};
/* End PBXResourcesBuildPhase section */

/* Begin PBXSourcesBuildPhase section */
		97763C1E1DC3E68F00AF3EAE /* Sources */ = {
			isa = PBXSourcesBuildPhase;
			buildActionMask = 2147483647;
			files = (
				9706F7A41DD2A83F00714337 /* CeldaNoticiasLectorTableViewCell.swift in Sources */,
				97763C2E1DC3E69300AF3EAE /* scoopfus2.xcdatamodeld in Sources */,
				97763C491DC7C52F00AF3EAE /* AnonymousTableViewController.swift in Sources */,
				9770E5CD1DCD6E2B00F6E34D /* CeldaNoticiasTableViewCell.swift in Sources */,
				97763C261DC3E69100AF3EAE /* AppDelegate.swift in Sources */,
				97763C461DC7BFB900AF3EAE /* PrincipalViewController.swift in Sources */,
				97763C421DC3EBFF00AF3EAE /* AutorTableViewController.swift in Sources */,
				97077D921DC963C700F7E677 /* detalleNoticiaViewController.swift in Sources */,
				97763C441DC5833100AF3EAE /* AutorDetailViewController.swift in Sources */,
			);
			runOnlyForDeploymentPostprocessing = 0;
		};
/* End PBXSourcesBuildPhase section */

/* Begin PBXVariantGroup section */
		97763C291DC3E69200AF3EAE /* Main.storyboard */ = {
			isa = PBXVariantGroup;
			children = (
				97763C2A1DC3E69200AF3EAE /* Base */,
			);
			name = Main.storyboard;
			sourceTree = "<group>";
		};
		97763C311DC3E69400AF3EAE /* LaunchScreen.storyboard */ = {
			isa = PBXVariantGroup;
			children = (
				97763C321DC3E69400AF3EAE /* Base */,
			);
			name = LaunchScreen.storyboard;
			sourceTree = "<group>";
		};
/* End PBXVariantGroup section */

/* Begin XCBuildConfiguration section */
		97763C351DC3E69400AF3EAE /* Debug */ = {
			isa = XCBuildConfiguration;
			buildSettings = {
				ALWAYS_SEARCH_USER_PATHS = NO;
				CLANG_ANALYZER_NONNULL = YES;
				CLANG_CXX_LANGUAGE_STANDARD = "gnu++0x";
				CLANG_CXX_LIBRARY = "libc++";
				CLANG_ENABLE_MODULES = YES;
				CLANG_ENABLE_OBJC_ARC = YES;
				CLANG_WARN_BOOL_CONVERSION = YES;
				CLANG_WARN_CONSTANT_CONVERSION = YES;
				CLANG_WARN_DIRECT_OBJC_ISA_USAGE = YES_ERROR;
				CLANG_WARN_DOCUMENTATION_COMMENTS = YES;
				CLANG_WARN_EMPTY_BODY = YES;
				CLANG_WARN_ENUM_CONVERSION = YES;
				CLANG_WARN_INFINITE_RECURSION = YES;
				CLANG_WARN_INT_CONVERSION = YES;
				CLANG_WARN_OBJC_ROOT_CLASS = YES_ERROR;
				CLANG_WARN_SUSPICIOUS_MOVES = YES;
				CLANG_WARN_UNREACHABLE_CODE = YES;
				CLANG_WARN__DUPLICATE_METHOD_MATCH = YES;
				"CODE_SIGN_IDENTITY[sdk=iphoneos*]" = "iPhone Developer";
				COPY_PHASE_STRIP = NO;
				DEBUG_INFORMATION_FORMAT = dwarf;
				ENABLE_STRICT_OBJC_MSGSEND = YES;
				ENABLE_TESTABILITY = YES;
				GCC_C_LANGUAGE_STANDARD = gnu99;
				GCC_DYNAMIC_NO_PIC = NO;
				GCC_NO_COMMON_BLOCKS = YES;
				GCC_OPTIMIZATION_LEVEL = 0;
				GCC_PREPROCESSOR_DEFINITIONS = (
					"DEBUG=1",
					"$(inherited)",
				);
				GCC_WARN_64_TO_32_BIT_CONVERSION = YES;
				GCC_WARN_ABOUT_RETURN_TYPE = YES_ERROR;
				GCC_WARN_UNDECLARED_SELECTOR = YES;
				GCC_WARN_UNINITIALIZED_AUTOS = YES_AGGRESSIVE;
				GCC_WARN_UNUSED_FUNCTION = YES;
				GCC_WARN_UNUSED_VARIABLE = YES;
				IPHONEOS_DEPLOYMENT_TARGET = 10.0;
				MTL_ENABLE_DEBUG_INFO = YES;
				ONLY_ACTIVE_ARCH = YES;
				SDKROOT = iphoneos;
				SWIFT_ACTIVE_COMPILATION_CONDITIONS = DEBUG;
				SWIFT_OPTIMIZATION_LEVEL = "-Onone";
				TARGETED_DEVICE_FAMILY = "1,2";
			};
			name = Debug;
		};
		97763C361DC3E69400AF3EAE /* Release */ = {
			isa = XCBuildConfiguration;
			buildSettings = {
				ALWAYS_SEARCH_USER_PATHS = NO;
				CLANG_ANALYZER_NONNULL = YES;
				CLANG_CXX_LANGUAGE_STANDARD = "gnu++0x";
				CLANG_CXX_LIBRARY = "libc++";
				CLANG_ENABLE_MODULES = YES;
				CLANG_ENABLE_OBJC_ARC = YES;
				CLANG_WARN_BOOL_CONVERSION = YES;
				CLANG_WARN_CONSTANT_CONVERSION = YES;
				CLANG_WARN_DIRECT_OBJC_ISA_USAGE = YES_ERROR;
				CLANG_WARN_DOCUMENTATION_COMMENTS = YES;
				CLANG_WARN_EMPTY_BODY = YES;
				CLANG_WARN_ENUM_CONVERSION = YES;
				CLANG_WARN_INFINITE_RECURSION = YES;
				CLANG_WARN_INT_CONVERSION = YES;
				CLANG_WARN_OBJC_ROOT_CLASS = YES_ERROR;
				CLANG_WARN_SUSPICIOUS_MOVES = YES;
				CLANG_WARN_UNREACHABLE_CODE = YES;
				CLANG_WARN__DUPLICATE_METHOD_MATCH = YES;
				"CODE_SIGN_IDENTITY[sdk=iphoneos*]" = "iPhone Developer";
				COPY_PHASE_STRIP = NO;
				DEBUG_INFORMATION_FORMAT = "dwarf-with-dsym";
				ENABLE_NS_ASSERTIONS = NO;
				ENABLE_STRICT_OBJC_MSGSEND = YES;
				GCC_C_LANGUAGE_STANDARD = gnu99;
				GCC_NO_COMMON_BLOCKS = YES;
				GCC_WARN_64_TO_32_BIT_CONVERSION = YES;
				GCC_WARN_ABOUT_RETURN_TYPE = YES_ERROR;
				GCC_WARN_UNDECLARED_SELECTOR = YES;
				GCC_WARN_UNINITIALIZED_AUTOS = YES_AGGRESSIVE;
				GCC_WARN_UNUSED_FUNCTION = YES;
				GCC_WARN_UNUSED_VARIABLE = YES;
				IPHONEOS_DEPLOYMENT_TARGET = 10.0;
				MTL_ENABLE_DEBUG_INFO = NO;
				SDKROOT = iphoneos;
				SWIFT_OPTIMIZATION_LEVEL = "-Owholemodule";
				TARGETED_DEVICE_FAMILY = "1,2";
				VALIDATE_PRODUCT = YES;
			};
			name = Release;
		};
		97763C381DC3E69400AF3EAE /* Debug */ = {
			isa = XCBuildConfiguration;
			buildSettings = {
				ASSETCATALOG_COMPILER_APPICON_NAME = AppIcon;
				DEVELOPMENT_TEAM = 4M4S8ZQMAC;
				FRAMEWORK_SEARCH_PATHS = (
					"$(inherited)",
					"$(PROJECT_DIR)/scoopfus2",
					"$(PROJECT_DIR)",
				);
				INFOPLIST_FILE = scoopfus2/Info.plist;
				LD_RUNPATH_SEARCH_PATHS = "$(inherited) @executable_path/Frameworks";
				LIBRARY_SEARCH_PATHS = (
					"$(inherited)",
					"$(PROJECT_DIR)",
				);
				PRODUCT_BUNDLE_IDENTIFIER = fus.josefus.scoopfus2;
				PRODUCT_NAME = "$(TARGET_NAME)";
				SWIFT_OBJC_BRIDGING_HEADER = "Scoopfus2-Bridging-Header.h";
				SWIFT_VERSION = 3.0;
			};
			name = Debug;
		};
		97763C391DC3E69400AF3EAE /* Release */ = {
			isa = XCBuildConfiguration;
			buildSettings = {
				ASSETCATALOG_COMPILER_APPICON_NAME = AppIcon;
				DEVELOPMENT_TEAM = 4M4S8ZQMAC;
				FRAMEWORK_SEARCH_PATHS = (
					"$(inherited)",
					"$(PROJECT_DIR)/scoopfus2",
					"$(PROJECT_DIR)",
				);
				INFOPLIST_FILE = scoopfus2/Info.plist;
				LD_RUNPATH_SEARCH_PATHS = "$(inherited) @executable_path/Frameworks";
				LIBRARY_SEARCH_PATHS = (
					"$(inherited)",
					"$(PROJECT_DIR)",
				);
				PRODUCT_BUNDLE_IDENTIFIER = fus.josefus.scoopfus2;
				PRODUCT_NAME = "$(TARGET_NAME)";
				SWIFT_OBJC_BRIDGING_HEADER = "Scoopfus2-Bridging-Header.h";
				SWIFT_VERSION = 3.0;
			};
			name = Release;
		};
/* End XCBuildConfiguration section */

/* Begin XCConfigurationList section */
		97763C1D1DC3E68F00AF3EAE /* Build configuration list for PBXProject "scoopfus2" */ = {
			isa = XCConfigurationList;
			buildConfigurations = (
				97763C351DC3E69400AF3EAE /* Debug */,
				97763C361DC3E69400AF3EAE /* Release */,
			);
			defaultConfigurationIsVisible = 0;
			defaultConfigurationName = Release;
		};
		97763C371DC3E69400AF3EAE /* Build configuration list for PBXNativeTarget "scoopfus2" */ = {
			isa = XCConfigurationList;
			buildConfigurations = (
				97763C381DC3E69400AF3EAE /* Debug */,
				97763C391DC3E69400AF3EAE /* Release */,
			);
			defaultConfigurationIsVisible = 0;
			defaultConfigurationName = Release;
		};
/* End XCConfigurationList section */

/* Begin XCVersionGroup section */
		97763C2C1DC3E69300AF3EAE /* scoopfus2.xcdatamodeld */ = {
			isa = XCVersionGroup;
			children = (
				97763C2D1DC3E69300AF3EAE /* scoopfus2.xcdatamodel */,
			);
			currentVersion = 97763C2D1DC3E69300AF3EAE /* scoopfus2.xcdatamodel */;
			path = scoopfus2.xcdatamodeld;
			sourceTree = "<group>";
			versionGroupType = wrapper.xcdatamodel;
		};
/* End XCVersionGroup section */
	};
	rootObject = 97763C1A1DC3E68E00AF3EAE /* Project object */;
}
